// !$*UTF8*$!
{
	archiveVersion = 1;
	classes = {
	};
	objectVersion = 48;
	objects = {

/* Begin PBXBuildFile section */
		24442A2F1F39C9DE0024E110 /* AppDelegate.swift in Sources */ = {isa = PBXBuildFile; fileRef = 24442A2E1F39C9DE0024E110 /* AppDelegate.swift */; };
		24442A311F39C9DE0024E110 /* ViewController.swift in Sources */ = {isa = PBXBuildFile; fileRef = 24442A301F39C9DE0024E110 /* ViewController.swift */; };
		24442A341F39C9DE0024E110 /* Main.storyboard in Resources */ = {isa = PBXBuildFile; fileRef = 24442A321F39C9DE0024E110 /* Main.storyboard */; };
		24442A361F39C9DF0024E110 /* Assets.xcassets in Resources */ = {isa = PBXBuildFile; fileRef = 24442A351F39C9DF0024E110 /* Assets.xcassets */; };
		24442A391F39C9DF0024E110 /* LaunchScreen.storyboard in Resources */ = {isa = PBXBuildFile; fileRef = 24442A371F39C9DF0024E110 /* LaunchScreen.storyboard */; };
		24442A441F39C9DF0024E110 /* ARKitAddingCubeTests.swift in Sources */ = {isa = PBXBuildFile; fileRef = 24442A431F39C9DF0024E110 /* ARKitAddingCubeTests.swift */; };
		24442A4F1F39C9DF0024E110 /* ARKitAddingCubeUITests.swift in Sources */ = {isa = PBXBuildFile; fileRef = 24442A4E1F39C9DF0024E110 /* ARKitAddingCubeUITests.swift */; };
/* End PBXBuildFile section */

/* Begin PBXContainerItemProxy section */
		24442A401F39C9DF0024E110 /* PBXContainerItemProxy */ = {
			isa = PBXContainerItemProxy;
			containerPortal = 24442A231F39C9DE0024E110 /* Project object */;
			proxyType = 1;
			remoteGlobalIDString = 24442A2A1F39C9DE0024E110;
			remoteInfo = ARKitAddingCube;
		};
		24442A4B1F39C9DF0024E110 /* PBXContainerItemProxy */ = {
			isa = PBXContainerItemProxy;
			containerPortal = 24442A231F39C9DE0024E110 /* Project object */;
			proxyType = 1;
			remoteGlobalIDString = 24442A2A1F39C9DE0024E110;
			remoteInfo = ARKitAddingCube;
		};
/* End PBXContainerItemProxy section */

/* Begin PBXFileReference section */
		24442A2B1F39C9DE0024E110 /* ARKitAddingCube.app */ = {isa = PBXFileReference; explicitFileType = wrapper.application; includeInIndex = 0; path = ARKitAddingCube.app; sourceTree = BUILT_PRODUCTS_DIR; };
		24442A2E1F39C9DE0024E110 /* AppDelegate.swift */ = {isa = PBXFileReference; lastKnownFileType = sourcecode.swift; path = AppDelegate.swift; sourceTree = "<group>"; };
		24442A301F39C9DE0024E110 /* ViewController.swift */ = {isa = PBXFileReference; lastKnownFileType = sourcecode.swift; path = ViewController.swift; sourceTree = "<group>"; };
		24442A331F39C9DE0024E110 /* Base */ = {isa = PBXFileReference; lastKnownFileType = file.storyboard; name = Base; path = Base.lproj/Main.storyboard; sourceTree = "<group>"; };
		24442A351F39C9DF0024E110 /* Assets.xcassets */ = {isa = PBXFileReference; lastKnownFileType = folder.assetcatalog; path = Assets.xcassets; sourceTree = "<group>"; };
		24442A381F39C9DF0024E110 /* Base */ = {isa = PBXFileReference; lastKnownFileType = file.storyboard; name = Base; path = Base.lproj/LaunchScreen.storyboard; sourceTree = "<group>"; };
		24442A3A1F39C9DF0024E110 /* Info.plist */ = {isa = PBXFileReference; lastKnownFileType = text.plist.xml; path = Info.plist; sourceTree = "<group>"; };
		24442A3F1F39C9DF0024E110 /* ARKitAddingCubeTests.xctest */ = {isa = PBXFileReference; explicitFileType = wrapper.cfbundle; includeInIndex = 0; path = ARKitAddingCubeTests.xctest; sourceTree = BUILT_PRODUCTS_DIR; };
		24442A431F39C9DF0024E110 /* ARKitAddingCubeTests.swift */ = {isa = PBXFileReference; lastKnownFileType = sourcecode.swift; path = ARKitAddingCubeTests.swift; sourceTree = "<group>"; };
		24442A451F39C9DF0024E110 /* Info.plist */ = {isa = PBXFileReference; lastKnownFileType = text.plist.xml; path = Info.plist; sourceTree = "<group>"; };
		24442A4A1F39C9DF0024E110 /* ARKitAddingCubeUITests.xctest */ = {isa = PBXFileReference; explicitFileType = wrapper.cfbundle; includeInIndex = 0; path = ARKitAddingCubeUITests.xctest; sourceTree = BUILT_PRODUCTS_DIR; };
		24442A4E1F39C9DF0024E110 /* ARKitAddingCubeUITests.swift */ = {isa = PBXFileReference; lastKnownFileType = sourcecode.swift; path = ARKitAddingCubeUITests.swift; sourceTree = "<group>"; };
		24442A501F39C9DF0024E110 /* Info.plist */ = {isa = PBXFileReference; lastKnownFileType = text.plist.xml; path = Info.plist; sourceTree = "<group>"; };
/* End PBXFileReference section */

/* Begin PBXFrameworksBuildPhase section */
		24442A281F39C9DE0024E110 /* Frameworks */ = {
			isa = PBXFrameworksBuildPhase;
			buildActionMask = 2147483647;
			files = (
			);
			runOnlyForDeploymentPostprocessing = 0;
		};
		24442A3C1F39C9DF0024E110 /* Frameworks */ = {
			isa = PBXFrameworksBuildPhase;
			buildActionMask = 2147483647;
			files = (
			);
			runOnlyForDeploymentPostprocessing = 0;
		};
		24442A471F39C9DF0024E110 /* Frameworks */ = {
			isa = PBXFrameworksBuildPhase;
			buildActionMask = 2147483647;
			files = (
			);
			runOnlyForDeploymentPostprocessing = 0;
		};
/* End PBXFrameworksBuildPhase section */

/* Begin PBXGroup section */
		24442A221F39C9DE0024E110 = {
			isa = PBXGroup;
			children = (
				24442A2D1F39C9DE0024E110 /* ARKitAddingCube */,
				24442A421F39C9DF0024E110 /* ARKitAddingCubeTests */,
				24442A4D1F39C9DF0024E110 /* ARKitAddingCubeUITests */,
				24442A2C1F39C9DE0024E110 /* Products */,
			);
			sourceTree = "<group>";
		};
		24442A2C1F39C9DE0024E110 /* Products */ = {
			isa = PBXGroup;
			children = (
				24442A2B1F39C9DE0024E110 /* ARKitAddingCube.app */,
				24442A3F1F39C9DF0024E110 /* ARKitAddingCubeTests.xctest */,
				24442A4A1F39C9DF0024E110 /* ARKitAddingCubeUITests.xctest */,
			);
			name = Products;
			sourceTree = "<group>";
		};
		24442A2D1F39C9DE0024E110 /* ARKitAddingCube */ = {
			isa = PBXGroup;
			children = (
				24442A2E1F39C9DE0024E110 /* AppDelegate.swift */,
				24442A301F39C9DE0024E110 /* ViewController.swift */,
				24442A321F39C9DE0024E110 /* Main.storyboard */,
				24442A351F39C9DF0024E110 /* Assets.xcassets */,
				24442A371F39C9DF0024E110 /* LaunchScreen.storyboard */,
				24442A3A1F39C9DF0024E110 /* Info.plist */,
			);
			path = ARKitAddingCube;
			sourceTree = "<group>";
		};
		24442A421F39C9DF0024E110 /* ARKitAddingCubeTests */ = {
			isa = PBXGroup;
			children = (
				24442A431F39C9DF0024E110 /* ARKitAddingCubeTests.swift */,
				24442A451F39C9DF0024E110 /* Info.plist */,
			);
			path = ARKitAddingCubeTests;
			sourceTree = "<group>";
		};
		24442A4D1F39C9DF0024E110 /* ARKitAddingCubeUITests */ = {
			isa = PBXGroup;
			children = (
				24442A4E1F39C9DF0024E110 /* ARKitAddingCubeUITests.swift */,
				24442A501F39C9DF0024E110 /* Info.plist */,
			);
			path = ARKitAddingCubeUITests;
			sourceTree = "<group>";
		};
/* End PBXGroup section */

/* Begin PBXNativeTarget section */
		24442A2A1F39C9DE0024E110 /* ARKitAddingCube */ = {
			isa = PBXNativeTarget;
			buildConfigurationList = 24442A531F39C9DF0024E110 /* Build configuration list for PBXNativeTarget "ARKitAddingCube" */;
			buildPhases = (
				24442A271F39C9DE0024E110 /* Sources */,
				24442A281F39C9DE0024E110 /* Frameworks */,
				24442A291F39C9DE0024E110 /* Resources */,
			);
			buildRules = (
			);
			dependencies = (
			);
			name = ARKitAddingCube;
			productName = ARKitAddingCube;
			productReference = 24442A2B1F39C9DE0024E110 /* ARKitAddingCube.app */;
			productType = "com.apple.product-type.application";
		};
		24442A3E1F39C9DF0024E110 /* ARKitAddingCubeTests */ = {
			isa = PBXNativeTarget;
			buildConfigurationList = 24442A561F39C9DF0024E110 /* Build configuration list for PBXNativeTarget "ARKitAddingCubeTests" */;
			buildPhases = (
				24442A3B1F39C9DF0024E110 /* Sources */,
				24442A3C1F39C9DF0024E110 /* Frameworks */,
				24442A3D1F39C9DF0024E110 /* Resources */,
			);
			buildRules = (
			);
			dependencies = (
				24442A411F39C9DF0024E110 /* PBXTargetDependency */,
			);
			name = ARKitAddingCubeTests;
			productName = ARKitAddingCubeTests;
			productReference = 24442A3F1F39C9DF0024E110 /* ARKitAddingCubeTests.xctest */;
			productType = "com.apple.product-type.bundle.unit-test";
		};
		24442A491F39C9DF0024E110 /* ARKitAddingCubeUITests */ = {
			isa = PBXNativeTarget;
			buildConfigurationList = 24442A591F39C9DF0024E110 /* Build configuration list for PBXNativeTarget "ARKitAddingCubeUITests" */;
			buildPhases = (
				24442A461F39C9DF0024E110 /* Sources */,
				24442A471F39C9DF0024E110 /* Frameworks */,
				24442A481F39C9DF0024E110 /* Resources */,
			);
			buildRules = (
			);
			dependencies = (
				24442A4C1F39C9DF0024E110 /* PBXTargetDependency */,
			);
			name = ARKitAddingCubeUITests;
			productName = ARKitAddingCubeUITests;
			productReference = 24442A4A1F39C9DF0024E110 /* ARKitAddingCubeUITests.xctest */;
			productType = "com.apple.product-type.bundle.ui-testing";
		};
/* End PBXNativeTarget section */

/* Begin PBXProject section */
		24442A231F39C9DE0024E110 /* Project object */ = {
			isa = PBXProject;
			attributes = {
				LastSwiftUpdateCheck = 0900;
				LastUpgradeCheck = 0900;
				ORGANIZATIONNAME = "Sai Sandeep";
				TargetAttributes = {
					24442A2A1F39C9DE0024E110 = {
						CreatedOnToolsVersion = 9.0;
					};
					24442A3E1F39C9DF0024E110 = {
						CreatedOnToolsVersion = 9.0;
						TestTargetID = 24442A2A1F39C9DE0024E110;
					};
					24442A491F39C9DF0024E110 = {
						CreatedOnToolsVersion = 9.0;
						TestTargetID = 24442A2A1F39C9DE0024E110;
					};
				};
			};
			buildConfigurationList = 24442A261F39C9DE0024E110 /* Build configuration list for PBXProject "ARKitAddingCube" */;
			compatibilityVersion = "Xcode 8.0";
			developmentRegion = en;
			hasScannedForEncodings = 0;
			knownRegions = (
				en,
				Base,
			);
			mainGroup = 24442A221F39C9DE0024E110;
			productRefGroup = 24442A2C1F39C9DE0024E110 /* Products */;
			projectDirPath = "";
			projectRoot = "";
			targets = (
				24442A2A1F39C9DE0024E110 /* ARKitAddingCube */,
				24442A3E1F39C9DF0024E110 /* ARKitAddingCubeTests */,
				24442A491F39C9DF0024E110 /* ARKitAddingCubeUITests */,
			);
		};
/* End PBXProject section */

/* Begin PBXResourcesBuildPhase section */
		24442A291F39C9DE0024E110 /* Resources */ = {
			isa = PBXResourcesBuildPhase;
			buildActionMask = 2147483647;
			files = (
				24442A391F39C9DF0024E110 /* LaunchScreen.storyboard in Resources */,
				24442A361F39C9DF0024E110 /* Assets.xcassets in Resources */,
				24442A341F39C9DE0024E110 /* Main.storyboard in Resources */,
			);
			runOnlyForDeploymentPostprocessing = 0;
		};
		24442A3D1F39C9DF0024E110 /* Resources */ = {
			isa = PBXResourcesBuildPhase;
			buildActionMask = 2147483647;
			files = (
			);
			runOnlyForDeploymentPostprocessing = 0;
		};
		24442A481F39C9DF0024E110 /* Resources */ = {
			isa = PBXResourcesBuildPhase;
			buildActionMask = 2147483647;
			files = (
			);
			runOnlyForDeploymentPostprocessing = 0;
		};
/* End PBXResourcesBuildPhase section */

/* Begin PBXSourcesBuildPhase section */
		24442A271F39C9DE0024E110 /* Sources */ = {
			isa = PBXSourcesBuildPhase;
			buildActionMask = 2147483647;
			files = (
				24442A311F39C9DE0024E110 /* ViewController.swift in Sources */,
				24442A2F1F39C9DE0024E110 /* AppDelegate.swift in Sources */,
			);
			runOnlyForDeploymentPostprocessing = 0;
		};
		24442A3B1F39C9DF0024E110 /* Sources */ = {
			isa = PBXSourcesBuildPhase;
			buildActionMask = 2147483647;
			files = (
				24442A441F39C9DF0024E110 /* ARKitAddingCubeTests.swift in Sources */,
			);
			runOnlyForDeploymentPostprocessing = 0;
		};
		24442A461F39C9DF0024E110 /* Sources */ = {
			isa = PBXSourcesBuildPhase;
			buildActionMask = 2147483647;
			files = (
				24442A4F1F39C9DF0024E110 /* ARKitAddingCubeUITests.swift in Sources */,
			);
			runOnlyForDeploymentPostprocessing = 0;
		};
/* End PBXSourcesBuildPhase section */

/* Begin PBXTargetDependency section */
		24442A411F39C9DF0024E110 /* PBXTargetDependency */ = {
			isa = PBXTargetDependency;
			target = 24442A2A1F39C9DE0024E110 /* ARKitAddingCube */;
			targetProxy = 24442A401F39C9DF0024E110 /* PBXContainerItemProxy */;
		};
		24442A4C1F39C9DF0024E110 /* PBXTargetDependency */ = {
			isa = PBXTargetDependency;
			target = 24442A2A1F39C9DE0024E110 /* ARKitAddingCube */;
			targetProxy = 24442A4B1F39C9DF0024E110 /* PBXContainerItemProxy */;
		};
/* End PBXTargetDependency section */

/* Begin PBXVariantGroup section */
		24442A321F39C9DE0024E110 /* Main.storyboard */ = {
			isa = PBXVariantGroup;
			children = (
				24442A331F39C9DE0024E110 /* Base */,
			);
			name = Main.storyboard;
			sourceTree = "<group>";
		};
		24442A371F39C9DF0024E110 /* LaunchScreen.storyboard */ = {
			isa = PBXVariantGroup;
			children = (
				24442A381F39C9DF0024E110 /* Base */,
			);
			name = LaunchScreen.storyboard;
			sourceTree = "<group>";
		};
/* End PBXVariantGroup section */

/* Begin XCBuildConfiguration section */
		24442A511F39C9DF0024E110 /* Debug */ = {
			isa = XCBuildConfiguration;
			buildSettings = {
				ALWAYS_SEARCH_USER_PATHS = NO;
				CLANG_ANALYZER_NONNULL = YES;
				CLANG_ANALYZER_NUMBER_OBJECT_CONVERSION = YES_AGGRESSIVE;
				CLANG_CXX_LANGUAGE_STANDARD = "gnu++14";
				CLANG_CXX_LIBRARY = "libc++";
				CLANG_ENABLE_MODULES = YES;
				CLANG_ENABLE_OBJC_ARC = YES;
				CLANG_WARN_BLOCK_CAPTURE_AUTORELEASING = YES;
				CLANG_WARN_BOOL_CONVERSION = YES;
				CLANG_WARN_COMMA = YES;
				CLANG_WARN_CONSTANT_CONVERSION = YES;
				CLANG_WARN_DIRECT_OBJC_ISA_USAGE = YES_ERROR;
				CLANG_WARN_DOCUMENTATION_COMMENTS = YES;
				CLANG_WARN_EMPTY_BODY = YES;
				CLANG_WARN_ENUM_CONVERSION = YES;
				CLANG_WARN_INFINITE_RECURSION = YES;
				CLANG_WARN_INT_CONVERSION = YES;
				CLANG_WARN_OBJC_ROOT_CLASS = YES_ERROR;
				CLANG_WARN_RANGE_LOOP_ANALYSIS = YES;
				CLANG_WARN_STRICT_PROTOTYPES = YES;
				CLANG_WARN_SUSPICIOUS_MOVE = YES;
				CLANG_WARN_UNGUARDED_AVAILABILITY = YES_AGGRESSIVE;
				CLANG_WARN_UNREACHABLE_CODE = YES;
				CLANG_WARN__DUPLICATE_METHOD_MATCH = YES;
				CODE_SIGN_IDENTITY = "iPhone Developer";
				COPY_PHASE_STRIP = NO;
				DEBUG_INFORMATION_FORMAT = dwarf;
				ENABLE_STRICT_OBJC_MSGSEND = YES;
				ENABLE_TESTABILITY = YES;
				GCC_C_LANGUAGE_STANDARD = gnu11;
				GCC_DYNAMIC_NO_PIC = NO;
				GCC_NO_COMMON_BLOCKS = YES;
				GCC_OPTIMIZATION_LEVEL = 0;
				GCC_PREPROCESSOR_DEFINITIONS = (
					"DEBUG=1",
					"$(inherited)",
				);
				GCC_WARN_64_TO_32_BIT_CONVERSION = YES;
				GCC_WARN_ABOUT_RETURN_TYPE = YES_ERROR;
				GCC_WARN_UNDECLARED_SELECTOR = YES;
				GCC_WARN_UNINITIALIZED_AUTOS = YES_AGGRESSIVE;
				GCC_WARN_UNUSED_FUNCTION = YES;
				GCC_WARN_UNUSED_VARIABLE = YES;
				IPHONEOS_DEPLOYMENT_TARGET = 11.0;
				MTL_ENABLE_DEBUG_INFO = YES;
				ONLY_ACTIVE_ARCH = YES;
				SDKROOT = iphoneos;
				SWIFT_ACTIVE_COMPILATION_CONDITIONS = DEBUG;
				SWIFT_OPTIMIZATION_LEVEL = "-Onone";
			};
			name = Debug;
		};
		24442A521F39C9DF0024E110 /* Release */ = {
			isa = XCBuildConfiguration;
			buildSettings = {
				ALWAYS_SEARCH_USER_PATHS = NO;
				CLANG_ANALYZER_NONNULL = YES;
				CLANG_ANALYZER_NUMBER_OBJECT_CONVERSION = YES_AGGRESSIVE;
				CLANG_CXX_LANGUAGE_STANDARD = "gnu++14";
				CLANG_CXX_LIBRARY = "libc++";
				CLANG_ENABLE_MODULES = YES;
				CLANG_ENABLE_OBJC_ARC = YES;
				CLANG_WARN_BLOCK_CAPTURE_AUTORELEASING = YES;
				CLANG_WARN_BOOL_CONVERSION = YES;
				CLANG_WARN_COMMA = YES;
				CLANG_WARN_CONSTANT_CONVERSION = YES;
				CLANG_WARN_DIRECT_OBJC_ISA_USAGE = YES_ERROR;
				CLANG_WARN_DOCUMENTATION_COMMENTS = YES;
				CLANG_WARN_EMPTY_BODY = YES;
				CLANG_WARN_ENUM_CONVERSION = YES;
				CLANG_WARN_INFINITE_RECURSION = YES;
				CLANG_WARN_INT_CONVERSION = YES;
				CLANG_WARN_OBJC_ROOT_CLASS = YES_ERROR;
				CLANG_WARN_RANGE_LOOP_ANALYSIS = YES;
				CLANG_WARN_STRICT_PROTOTYPES = YES;
				CLANG_WARN_SUSPICIOUS_MOVE = YES;
				CLANG_WARN_UNGUARDED_AVAILABILITY = YES_AGGRESSIVE;
				CLANG_WARN_UNREACHABLE_CODE = YES;
				CLANG_WARN__DUPLICATE_METHOD_MATCH = YES;
				CODE_SIGN_IDENTITY = "iPhone Developer";
				COPY_PHASE_STRIP = NO;
				DEBUG_INFORMATION_FORMAT = "dwarf-with-dsym";
				ENABLE_NS_ASSERTIONS = NO;
				ENABLE_STRICT_OBJC_MSGSEND = YES;
				GCC_C_LANGUAGE_STANDARD = gnu11;
				GCC_NO_COMMON_BLOCKS = YES;
				GCC_WARN_64_TO_32_BIT_CONVERSION = YES;
				GCC_WARN_ABOUT_RETURN_TYPE = YES_ERROR;
				GCC_WARN_UNDECLARED_SELECTOR = YES;
				GCC_WARN_UNINITIALIZED_AUTOS = YES_AGGRESSIVE;
				GCC_WARN_UNUSED_FUNCTION = YES;
				GCC_WARN_UNUSED_VARIABLE = YES;
				IPHONEOS_DEPLOYMENT_TARGET = 11.0;
				MTL_ENABLE_DEBUG_INFO = NO;
				SDKROOT = iphoneos;
				SWIFT_OPTIMIZATION_LEVEL = "-Owholemodule";
				VALIDATE_PRODUCT = YES;
			};
			name = Release;
		};
		24442A541F39C9DF0024E110 /* Debug */ = {
			isa = XCBuildConfiguration;
			buildSettings = {
				ASSETCATALOG_COMPILER_APPICON_NAME = AppIcon;
				DEVELOPMENT_TEAM = P326DL8696;
				INFOPLIST_FILE = ARKitAddingCube/Info.plist;
				LD_RUNPATH_SEARCH_PATHS = "$(inherited) @executable_path/Frameworks";
				PRODUCT_BUNDLE_IDENTIFIER = com.iosRevisited.ARKitAddingCube;
				PRODUCT_NAME = "$(TARGET_NAME)";
				SWIFT_VERSION = 4.0;
				TARGETED_DEVICE_FAMILY = "1,2";
			};
			name = Debug;
		};
		24442A551F39C9DF0024E110 /* Release */ = {
			isa = XCBuildConfiguration;
			buildSettings = {
				ASSETCATALOG_COMPILER_APPICON_NAME = AppIcon;
				DEVELOPMENT_TEAM = P326DL8696;
				INFOPLIST_FILE = ARKitAddingCube/Info.plist;
				LD_RUNPATH_SEARCH_PATHS = "$(inherited) @executable_path/Frameworks";
				PRODUCT_BUNDLE_IDENTIFIER = com.iosRevisited.ARKitAddingCube;
				PRODUCT_NAME = "$(TARGET_NAME)";
				SWIFT_VERSION = 4.0;
				TARGETED_DEVICE_FAMILY = "1,2";
			};
			name = Release;
		};
		24442A571F39C9DF0024E110 /* Debug */ = {
			isa = XCBuildConfiguration;
			buildSettings = {
				ALWAYS_EMBED_SWIFT_STANDARD_LIBRARIES = YES;
				BUNDLE_LOADER = "$(TEST_HOST)";
				DEVELOPMENT_TEAM = P326DL8696;
				INFOPLIST_FILE = ARKitAddingCubeTests/Info.plist;
				LD_RUNPATH_SEARCH_PATHS = "$(inherited) @executable_path/Frameworks @loader_path/Frameworks";
				PRODUCT_BUNDLE_IDENTIFIER = com.iosRevisited.ARKitAddingCubeTests;
				PRODUCT_NAME = "$(TARGET_NAME)";
				SWIFT_VERSION = 4.0;
				TARGETED_DEVICE_FAMILY = "1,2";
				TEST_HOST = "$(BUILT_PRODUCTS_DIR)/ARKitAddingCube.app/ARKitAddingCube";
			};
			name = Debug;
		};
		24442A581F39C9DF0024E110 /* Release */ = {
			isa = XCBuildConfiguration;
			buildSettings = {
				ALWAYS_EMBED_SWIFT_STANDARD_LIBRARIES = YES;
				BUNDLE_LOADER = "$(TEST_HOST)";
				DEVELOPMENT_TEAM = P326DL8696;
				INFOPLIST_FILE = ARKitAddingCubeTests/Info.plist;
				LD_RUNPATH_SEARCH_PATHS = "$(inherited) @executable_path/Frameworks @loader_path/Frameworks";
				PRODUCT_BUNDLE_IDENTIFIER = com.iosRevisited.ARKitAddingCubeTests;
				PRODUCT_NAME = "$(TARGET_NAME)";
				SWIFT_VERSION = 4.0;
				TARGETED_DEVICE_FAMILY = "1,2";
				TEST_HOST = "$(BUILT_PRODUCTS_DIR)/ARKitAddingCube.app/ARKitAddingCube";
			};
			name = Release;
		};
		24442A5A1F39C9DF0024E110 /* Debug */ = {
			isa = XCBuildConfiguration;
			buildSettings = {
				ALWAYS_EMBED_SWIFT_STANDARD_LIBRARIES = YES;
				DEVELOPMENT_TEAM = P326DL8696;
				INFOPLIST_FILE = ARKitAddingCubeUITests/Info.plist;
				LD_RUNPATH_SEARCH_PATHS = "$(inherited) @executable_path/Frameworks @loader_path/Frameworks";
				PRODUCT_BUNDLE_IDENTIFIER = com.iosRevisited.ARKitAddingCubeUITests;
				PRODUCT_NAME = "$(TARGET_NAME)";
				SWIFT_VERSION = 4.0;
				TARGETED_DEVICE_FAMILY = "1,2";
				TEST_TARGET_NAME = ARKitAddingCube;
			};
			name = Debug;
		};
		24442A5B1F39C9DF0024E110 /* Release */ = {
			isa = XCBuildConfiguration;
			buildSettings = {
				ALWAYS_EMBED_SWIFT_STANDARD_LIBRARIES = YES;
				DEVELOPMENT_TEAM = P326DL8696;
				INFOPLIST_FILE = ARKitAddingCubeUITests/Info.plist;
				LD_RUNPATH_SEARCH_PATHS = "$(inherited) @executable_path/Frameworks @loader_path/Frameworks";
				PRODUCT_BUNDLE_IDENTIFIER = com.iosRevisited.ARKitAddingCubeUITests;
				PRODUCT_NAME = "$(TARGET_NAME)";
				SWIFT_VERSION = 4.0;
				TARGETED_DEVICE_FAMILY = "1,2";
				TEST_TARGET_NAME = ARKitAddingCube;
			};
			name = Release;
		};
/* End XCBuildConfiguration section */

/* Begin XCConfigurationList section */
		24442A261F39C9DE0024E110 /* Build configuration list for PBXProject "ARKitAddingCube" */ = {
			isa = XCConfigurationList;
			buildConfigurations = (
				24442A511F39C9DF0024E110 /* Debug */,
				24442A521F39C9DF0024E110 /* Release */,
			);
			defaultConfigurationIsVisible = 0;
			defaultConfigurationName = Release;
		};
		24442A531F39C9DF0024E110 /* Build configuration list for PBXNativeTarget "ARKitAddingCube" */ = {
			isa = XCConfigurationList;
			buildConfigurations = (
				24442A541F39C9DF0024E110 /* Debug */,
				24442A551F39C9DF0024E110 /* Release */,
			);
			defaultConfigurationIsVisible = 0;
		};
		24442A561F39C9DF0024E110 /* Build configuration list for PBXNativeTarget "ARKitAddingCubeTests" */ = {
			isa = XCConfigurationList;
			buildConfigurations = (
				24442A571F39C9DF0024E110 /* Debug */,
				24442A581F39C9DF0024E110 /* Release */,
			);
			defaultConfigurationIsVisible = 0;
		};
		24442A591F39C9DF0024E110 /* Build configuration list for PBXNativeTarget "ARKitAddingCubeUITests" */ = {
			isa = XCConfigurationList;
			buildConfigurations = (
				24442A5A1F39C9DF0024E110 /* Debug */,
				24442A5B1F39C9DF0024E110 /* Release */,
			);
			defaultConfigurationIsVisible = 0;
		};
/* End XCConfigurationList section */
	};
	rootObject = 24442A231F39C9DE0024E110 /* Project object */;
}
